{
  "object": {
    "pins": [
      {
        "package": "DSFAppearanceManager",
        "repositoryURL": "https://github.com/dagronf/DSFAppearanceManager",
        "state": {
          "branch": null,
          "revision": "beb1e728eb8d4dfee45f95eab8f18c16879d19fa",
          "version": "3.0.4"
        }
      },
      {
        "package": "DSFStepperView",
        "repositoryURL": "https://github.com/dagronf/DSFStepperView",
        "state": {
          "branch": null,
          "revision": "cde9aa78844b3fa64be3c398b38c9b5f07876985",
          "version": "3.0.0"
        }
      },
      {
        "package": "VIViewInvalidating",
        "repositoryURL": "https://github.com/dagronf/VIViewInvalidating",
        "state": {
          "branch": null,
          "revision": "7539fb18d8366c338a701b32ec356a756c965b81",
          "version": "3.0.1"
        }
      }
    ]
  },
  "version": 1
}
